
Microsoft Visual Studio Solution File, Format Version 12.00
# Visual Studio Version 17
VisualStudioVersion = 17.2.32516.85
MinimumVisualStudioVersion = 10.0.40219.1
Project("{9A19103F-16F7-4668-BE54-9A1E7A4F7556}") = "Argon", "Argon\Argon.csproj", "{2F05CC1A-9F53-4C36-8E82-0191740CC411}"
EndProject
Project("{9A19103F-16F7-4668-BE54-9A1E7A4F7556}") = "ArgonUserInterfacePrototype", "ArgonUserInterfacePrototype\ArgonUserInterfacePrototype.csproj", "{394C2BDF-A6F4-4E8E-80F3-ABB30EA6BD3C}"
EndProject
Project("{9A19103F-16F7-4668-BE54-9A1E7A4F7556}") = "ArgonVertical", "ArgonVertical\ArgonVertical.csproj", "{6BBC8ED9-E2E3-411A-BC85-60F3251B03DF}"
EndProject
Project("{9A19103F-16F7-4668-BE54-9A1E7A4F7556}") = "ArgonVisual", "ArgonVisualSketch\ArgonVisual.csproj", "{DB4920E4-319A-4C61-861C-7B04FEE32D48}"
EndProject
Project("{9A19103F-16F7-4668-BE54-9A1E7A4F7556}") = "ArgonVisualX2", "ArgonVisualX2\ArgonVisualX2.csproj", "{19E04759-14C2-48C2-A2F9-E3CE5FECFA2C}"
EndProject
Global
	GlobalSection(SolutionConfigurationPlatforms) = preSolution
		Debug|Any CPU = Debug|Any CPU
		Release|Any CPU = Release|Any CPU
	EndGlobalSection
	GlobalSection(ProjectConfigurationPlatforms) = postSolution
		{2F05CC1A-9F53-4C36-8E82-0191740CC411}.Debug|Any CPU.ActiveCfg = Debug|Any CPU
		{2F05CC1A-9F53-4C36-8E82-0191740CC411}.Debug|Any CPU.Build.0 = Debug|Any CPU
		{2F05CC1A-9F53-4C36-8E82-0191740CC411}.Release|Any CPU.ActiveCfg = Release|Any CPU
		{2F05CC1A-9F53-4C36-8E82-0191740CC411}.Release|Any CPU.Build.0 = Release|Any CPU
		{394C2BDF-A6F4-4E8E-80F3-ABB30EA6BD3C}.Debug|Any CPU.ActiveCfg = Debug|Any CPU
		{394C2BDF-A6F4-4E8E-80F3-ABB30EA6BD3C}.Debug|Any CPU.Build.0 = Debug|Any CPU
		{394C2BDF-A6F4-4E8E-80F3-ABB30EA6BD3C}.Release|Any CPU.ActiveCfg = Release|Any CPU
		{394C2BDF-A6F4-4E8E-80F3-ABB30EA6BD3C}.Release|Any CPU.Build.0 = Release|Any CPU
		{6BBC8ED9-E2E3-411A-BC85-60F3251B03DF}.Debug|Any CPU.ActiveCfg = Debug|Any CPU
		{6BBC8ED9-E2E3-411A-BC85-60F3251B03DF}.Debug|Any CPU.Build.0 = Debug|Any CPU
		{6BBC8ED9-E2E3-411A-BC85-60F3251B03DF}.Release|Any CPU.ActiveCfg = Release|Any CPU
		{6BBC8ED9-E2E3-411A-BC85-60F3251B03DF}.Release|Any CPU.Build.0 = Release|Any CPU
		{DB4920E4-319A-4C61-861C-7B04FEE32D48}.Debug|Any CPU.ActiveCfg = Debug|Any CPU
		{DB4920E4-319A-4C61-861C-7B04FEE32D48}.Debug|Any CPU.Build.0 = Debug|Any CPU
		{DB4920E4-319A-4C61-861C-7B04FEE32D48}.Release|Any CPU.ActiveCfg = Release|Any CPU
		{DB4920E4-319A-4C61-861C-7B04FEE32D48}.Release|Any CPU.Build.0 = Release|Any CPU
		{19E04759-14C2-48C2-A2F9-E3CE5FECFA2C}.Debug|Any CPU.ActiveCfg = Debug|Any CPU
		{19E04759-14C2-48C2-A2F9-E3CE5FECFA2C}.Debug|Any CPU.Build.0 = Debug|Any CPU
		{19E04759-14C2-48C2-A2F9-E3CE5FECFA2C}.Release|Any CPU.ActiveCfg = Release|Any CPU
		{19E04759-14C2-48C2-A2F9-E3CE5FECFA2C}.Release|Any CPU.Build.0 = Release|Any CPU
	EndGlobalSection
	GlobalSection(SolutionProperties) = preSolution
		HideSolutionNode = FALSE
	EndGlobalSection
	GlobalSection(ExtensibilityGlobals) = postSolution
		SolutionGuid = {02B990BC-D693-4423-A0BF-ADAEE3CEF898}
	EndGlobalSection
EndGlobal
